
Microsoft Visual Studio Solution File, Format Version 12.00
# Visual Studio Version 16
VisualStudioVersion = 16.0.29806.167
MinimumVisualStudioVersion = 10.0.40219.1
Project("{FAE04EC0-301F-11D3-BF4B-00C04F79EFBC}") = "GUI", "GUI\GUI.csproj", "{C3DB52E3-A9A6-49E9-949A-71AD533D1365}"
EndProject
Global
	GlobalSection(SolutionConfigurationPlatforms) = preSolution
		Debug|Any CPU = Debug|Any CPU
		Release|Any CPU = Release|Any CPU
	EndGlobalSection
	GlobalSection(ProjectConfigurationPlatforms) = postSolution
		{C3DB52E3-A9A6-49E9-949A-71AD533D1365}.Debug|Any CPU.ActiveCfg = Debug|Any CPU
		{C3DB52E3-A9A6-49E9-949A-71AD533D1365}.Debug|Any CPU.Build.0 = Debug|Any CPU
		{C3DB52E3-A9A6-49E9-949A-71AD533D1365}.Release|Any CPU.ActiveCfg = Release|Any CPU
		{C3DB52E3-A9A6-49E9-949A-71AD533D1365}.Release|Any CPU.Build.0 = Release|Any CPU
	EndGlobalSection
	GlobalSection(SolutionProperties) = preSolution
		HideSolutionNode = FALSE
	EndGlobalSection
	GlobalSection(ExtensibilityGlobals) = postSolution
		SolutionGuid = {73138BC9-583B-437E-A3D7-A3A1F8904F8D}
	EndGlobalSection
EndGlobal
